// !$*UTF8*$!
{
	archiveVersion = 1;
	classes = {
	};
	objectVersion = 56;
	objects = {

/* Begin PBXBuildFile section */
		05F2E9F22BF723E8008F12DA /* ChallengeEonApp.swift in Sources */ = {isa = PBXBuildFile; fileRef = 05F2E9F12BF723E8008F12DA /* ChallengeEonApp.swift */; };
		05F2E9F42BF723E8008F12DA /* ContentView.swift in Sources */ = {isa = PBXBuildFile; fileRef = 05F2E9F32BF723E8008F12DA /* ContentView.swift */; };
		05F2E9F62BF723EA008F12DA /* Assets.xcassets in Resources */ = {isa = PBXBuildFile; fileRef = 05F2E9F52BF723EA008F12DA /* Assets.xcassets */; };
		05F2E9F92BF723EA008F12DA /* Preview Assets.xcassets in Resources */ = {isa = PBXBuildFile; fileRef = 05F2E9F82BF723EA008F12DA /* Preview Assets.xcassets */; };
		05F2E9FB2BF723EA008F12DA /* Persistence.swift in Sources */ = {isa = PBXBuildFile; fileRef = 05F2E9FA2BF723EA008F12DA /* Persistence.swift */; };
		05F2E9FE2BF723EA008F12DA /* ChallengeEon.xcdatamodeld in Sources */ = {isa = PBXBuildFile; fileRef = 05F2E9FC2BF723EA008F12DA /* ChallengeEon.xcdatamodeld */; };
		05F2EA082BF723EA008F12DA /* ChallengeEonTests.swift in Sources */ = {isa = PBXBuildFile; fileRef = 05F2EA072BF723EA008F12DA /* ChallengeEonTests.swift */; };
		05F2EA122BF723EA008F12DA /* ChallengeEonUITests.swift in Sources */ = {isa = PBXBuildFile; fileRef = 05F2EA112BF723EA008F12DA /* ChallengeEonUITests.swift */; };
		05F2EA142BF723EA008F12DA /* ChallengeEonUITestsLaunchTests.swift in Sources */ = {isa = PBXBuildFile; fileRef = 05F2EA132BF723EA008F12DA /* ChallengeEonUITestsLaunchTests.swift */; };
		05F2EA212BF72630008F12DA /* Sidebar.swift in Sources */ = {isa = PBXBuildFile; fileRef = 05F2EA202BF72630008F12DA /* Sidebar.swift */; };
		05F2EA232BF72D7A008F12DA /* Categories.swift in Sources */ = {isa = PBXBuildFile; fileRef = 05F2EA222BF72D7A008F12DA /* Categories.swift */; };
		05F2EA252BF73B73008F12DA /* Home.swift in Sources */ = {isa = PBXBuildFile; fileRef = 05F2EA242BF73B73008F12DA /* Home.swift */; };
		05F2EA2E2BF82148008F12DA /* HomeModel.swift in Sources */ = {isa = PBXBuildFile; fileRef = 05F2EA2D2BF82148008F12DA /* HomeModel.swift */; };
		05F2EA302BF82328008F12DA /* HomeViewModel.swift in Sources */ = {isa = PBXBuildFile; fileRef = 05F2EA2F2BF82328008F12DA /* HomeViewModel.swift */; };
		05F2EA342BF94D87008F12DA /* NetworkService.swift in Sources */ = {isa = PBXBuildFile; fileRef = 05F2EA332BF94D87008F12DA /* NetworkService.swift */; };
		05F2EA372BF97718008F12DA /* Constants.swift in Sources */ = {isa = PBXBuildFile; fileRef = 05F2EA362BF97718008F12DA /* Constants.swift */; };
		05F2EA3B2BF9C8A9008F12DA /* CategoriesDetail.swift in Sources */ = {isa = PBXBuildFile; fileRef = 05F2EA3A2BF9C8A9008F12DA /* CategoriesDetail.swift */; };
		05F2EA3D2BF9CBE6008F12DA /* CategoriesModel.swift in Sources */ = {isa = PBXBuildFile; fileRef = 05F2EA3C2BF9CBE6008F12DA /* CategoriesModel.swift */; };
		05F2EA3F2BF9D49C008F12DA /* CategoriesViewModel.swift in Sources */ = {isa = PBXBuildFile; fileRef = 05F2EA3E2BF9D49C008F12DA /* CategoriesViewModel.swift */; };
		05F2EA412BF9DB42008F12DA /* CategoriesDetailViewModel.swift in Sources */ = {isa = PBXBuildFile; fileRef = 05F2EA402BF9DB42008F12DA /* CategoriesDetailViewModel.swift */; };
		05F2EA432BF9E7AF008F12DA /* CategoriesDetailModel.swift in Sources */ = {isa = PBXBuildFile; fileRef = 05F2EA422BF9E7AF008F12DA /* CategoriesDetailModel.swift */; };
		05F2EA452BF9E935008F12DA /* Meal.swift in Sources */ = {isa = PBXBuildFile; fileRef = 05F2EA442BF9E935008F12DA /* Meal.swift */; };
		05F2EA472BFB2496008F12DA /* MealViewModel.swift in Sources */ = {isa = PBXBuildFile; fileRef = 05F2EA462BFB2496008F12DA /* MealViewModel.swift */; };
		05F2EA492BFB26AF008F12DA /* MealsModel.swift in Sources */ = {isa = PBXBuildFile; fileRef = 05F2EA482BFB26AF008F12DA /* MealsModel.swift */; };
/* End PBXBuildFile section */

/* Begin PBXContainerItemProxy section */
		05F2EA042BF723EA008F12DA /* PBXContainerItemProxy */ = {
			isa = PBXContainerItemProxy;
			containerPortal = 05F2E9E62BF723E8008F12DA /* Project object */;
			proxyType = 1;
			remoteGlobalIDString = 05F2E9ED2BF723E8008F12DA;
			remoteInfo = ChallengeEon;
		};
		05F2EA0E2BF723EA008F12DA /* PBXContainerItemProxy */ = {
			isa = PBXContainerItemProxy;
			containerPortal = 05F2E9E62BF723E8008F12DA /* Project object */;
			proxyType = 1;
			remoteGlobalIDString = 05F2E9ED2BF723E8008F12DA;
			remoteInfo = ChallengeEon;
		};
/* End PBXContainerItemProxy section */

/* Begin PBXFileReference section */
		05F2E9EE2BF723E8008F12DA /* ChallengeEon.app */ = {isa = PBXFileReference; explicitFileType = wrapper.application; includeInIndex = 0; path = ChallengeEon.app; sourceTree = BUILT_PRODUCTS_DIR; };
		05F2E9F12BF723E8008F12DA /* ChallengeEonApp.swift */ = {isa = PBXFileReference; lastKnownFileType = sourcecode.swift; path = ChallengeEonApp.swift; sourceTree = "<group>"; };
		05F2E9F32BF723E8008F12DA /* ContentView.swift */ = {isa = PBXFileReference; lastKnownFileType = sourcecode.swift; path = ContentView.swift; sourceTree = "<group>"; };
		05F2E9F52BF723EA008F12DA /* Assets.xcassets */ = {isa = PBXFileReference; lastKnownFileType = folder.assetcatalog; path = Assets.xcassets; sourceTree = "<group>"; };
		05F2E9F82BF723EA008F12DA /* Preview Assets.xcassets */ = {isa = PBXFileReference; lastKnownFileType = folder.assetcatalog; path = "Preview Assets.xcassets"; sourceTree = "<group>"; };
		05F2E9FA2BF723EA008F12DA /* Persistence.swift */ = {isa = PBXFileReference; lastKnownFileType = sourcecode.swift; path = Persistence.swift; sourceTree = "<group>"; };
		05F2E9FD2BF723EA008F12DA /* ChallengeEon.xcdatamodel */ = {isa = PBXFileReference; lastKnownFileType = wrapper.xcdatamodel; path = ChallengeEon.xcdatamodel; sourceTree = "<group>"; };
		05F2EA032BF723EA008F12DA /* ChallengeEonTests.xctest */ = {isa = PBXFileReference; explicitFileType = wrapper.cfbundle; includeInIndex = 0; path = ChallengeEonTests.xctest; sourceTree = BUILT_PRODUCTS_DIR; };
		05F2EA072BF723EA008F12DA /* ChallengeEonTests.swift */ = {isa = PBXFileReference; lastKnownFileType = sourcecode.swift; path = ChallengeEonTests.swift; sourceTree = "<group>"; };
		05F2EA0D2BF723EA008F12DA /* ChallengeEonUITests.xctest */ = {isa = PBXFileReference; explicitFileType = wrapper.cfbundle; includeInIndex = 0; path = ChallengeEonUITests.xctest; sourceTree = BUILT_PRODUCTS_DIR; };
		05F2EA112BF723EA008F12DA /* ChallengeEonUITests.swift */ = {isa = PBXFileReference; lastKnownFileType = sourcecode.swift; path = ChallengeEonUITests.swift; sourceTree = "<group>"; };
		05F2EA132BF723EA008F12DA /* ChallengeEonUITestsLaunchTests.swift */ = {isa = PBXFileReference; lastKnownFileType = sourcecode.swift; path = ChallengeEonUITestsLaunchTests.swift; sourceTree = "<group>"; };
		05F2EA202BF72630008F12DA /* Sidebar.swift */ = {isa = PBXFileReference; lastKnownFileType = sourcecode.swift; path = Sidebar.swift; sourceTree = "<group>"; };
		05F2EA222BF72D7A008F12DA /* Categories.swift */ = {isa = PBXFileReference; lastKnownFileType = sourcecode.swift; path = Categories.swift; sourceTree = "<group>"; };
		05F2EA242BF73B73008F12DA /* Home.swift */ = {isa = PBXFileReference; lastKnownFileType = sourcecode.swift; path = Home.swift; sourceTree = "<group>"; };
		05F2EA2D2BF82148008F12DA /* HomeModel.swift */ = {isa = PBXFileReference; lastKnownFileType = sourcecode.swift; path = HomeModel.swift; sourceTree = "<group>"; };
		05F2EA2F2BF82328008F12DA /* HomeViewModel.swift */ = {isa = PBXFileReference; lastKnownFileType = sourcecode.swift; path = HomeViewModel.swift; sourceTree = "<group>"; };
		05F2EA332BF94D87008F12DA /* NetworkService.swift */ = {isa = PBXFileReference; lastKnownFileType = sourcecode.swift; path = NetworkService.swift; sourceTree = "<group>"; };
		05F2EA362BF97718008F12DA /* Constants.swift */ = {isa = PBXFileReference; lastKnownFileType = sourcecode.swift; path = Constants.swift; sourceTree = "<group>"; };
		05F2EA3A2BF9C8A9008F12DA /* CategoriesDetail.swift */ = {isa = PBXFileReference; lastKnownFileType = sourcecode.swift; path = CategoriesDetail.swift; sourceTree = "<group>"; };
		05F2EA3C2BF9CBE6008F12DA /* CategoriesModel.swift */ = {isa = PBXFileReference; lastKnownFileType = sourcecode.swift; path = CategoriesModel.swift; sourceTree = "<group>"; };
		05F2EA3E2BF9D49C008F12DA /* CategoriesViewModel.swift */ = {isa = PBXFileReference; lastKnownFileType = sourcecode.swift; path = CategoriesViewModel.swift; sourceTree = "<group>"; };
		05F2EA402BF9DB42008F12DA /* CategoriesDetailViewModel.swift */ = {isa = PBXFileReference; lastKnownFileType = sourcecode.swift; path = CategoriesDetailViewModel.swift; sourceTree = "<group>"; };
		05F2EA422BF9E7AF008F12DA /* CategoriesDetailModel.swift */ = {isa = PBXFileReference; lastKnownFileType = sourcecode.swift; path = CategoriesDetailModel.swift; sourceTree = "<group>"; };
		05F2EA442BF9E935008F12DA /* Meal.swift */ = {isa = PBXFileReference; lastKnownFileType = sourcecode.swift; path = Meal.swift; sourceTree = "<group>"; };
		05F2EA462BFB2496008F12DA /* MealViewModel.swift */ = {isa = PBXFileReference; lastKnownFileType = sourcecode.swift; path = MealViewModel.swift; sourceTree = "<group>"; };
		05F2EA482BFB26AF008F12DA /* MealsModel.swift */ = {isa = PBXFileReference; lastKnownFileType = sourcecode.swift; path = MealsModel.swift; sourceTree = "<group>"; };
/* End PBXFileReference section */

/* Begin PBXFrameworksBuildPhase section */
		05F2E9EB2BF723E8008F12DA /* Frameworks */ = {
			isa = PBXFrameworksBuildPhase;
			buildActionMask = 2147483647;
			files = (
			);
			runOnlyForDeploymentPostprocessing = 0;
		};
		05F2EA002BF723EA008F12DA /* Frameworks */ = {
			isa = PBXFrameworksBuildPhase;
			buildActionMask = 2147483647;
			files = (
			);
			runOnlyForDeploymentPostprocessing = 0;
		};
		05F2EA0A2BF723EA008F12DA /* Frameworks */ = {
			isa = PBXFrameworksBuildPhase;
			buildActionMask = 2147483647;
			files = (
			);
			runOnlyForDeploymentPostprocessing = 0;
		};
/* End PBXFrameworksBuildPhase section */

/* Begin PBXGroup section */
		05F2E9E52BF723E8008F12DA = {
			isa = PBXGroup;
			children = (
				05F2E9F02BF723E8008F12DA /* ChallengeEon */,
				05F2EA062BF723EA008F12DA /* ChallengeEonTests */,
				05F2EA102BF723EA008F12DA /* ChallengeEonUITests */,
				05F2E9EF2BF723E8008F12DA /* Products */,
			);
			sourceTree = "<group>";
		};
		05F2E9EF2BF723E8008F12DA /* Products */ = {
			isa = PBXGroup;
			children = (
				05F2E9EE2BF723E8008F12DA /* ChallengeEon.app */,
				05F2EA032BF723EA008F12DA /* ChallengeEonTests.xctest */,
				05F2EA0D2BF723EA008F12DA /* ChallengeEonUITests.xctest */,
			);
			name = Products;
			sourceTree = "<group>";
		};
		05F2E9F02BF723E8008F12DA /* ChallengeEon */ = {
			isa = PBXGroup;
			children = (
				05F2EA2B2BF8212D008F12DA /* Services */,
				05F2EA262BF816F3008F12DA /* Views */,
				05F2EA352BF97707008F12DA /* Utilities */,
				05F2E9F52BF723EA008F12DA /* Assets.xcassets */,
				05F2E9FA2BF723EA008F12DA /* Persistence.swift */,
				05F2E9FC2BF723EA008F12DA /* ChallengeEon.xcdatamodeld */,
				05F2E9F72BF723EA008F12DA /* Preview Content */,
			);
			path = ChallengeEon;
			sourceTree = "<group>";
		};
		05F2E9F72BF723EA008F12DA /* Preview Content */ = {
			isa = PBXGroup;
			children = (
				05F2E9F82BF723EA008F12DA /* Preview Assets.xcassets */,
			);
			path = "Preview Content";
			sourceTree = "<group>";
		};
		05F2EA062BF723EA008F12DA /* ChallengeEonTests */ = {
			isa = PBXGroup;
			children = (
				05F2EA072BF723EA008F12DA /* ChallengeEonTests.swift */,
			);
			path = ChallengeEonTests;
			sourceTree = "<group>";
		};
		05F2EA102BF723EA008F12DA /* ChallengeEonUITests */ = {
			isa = PBXGroup;
			children = (
				05F2EA112BF723EA008F12DA /* ChallengeEonUITests.swift */,
				05F2EA132BF723EA008F12DA /* ChallengeEonUITestsLaunchTests.swift */,
			);
			path = ChallengeEonUITests;
			sourceTree = "<group>";
		};
		05F2EA262BF816F3008F12DA /* Views */ = {
			isa = PBXGroup;
			children = (
				05F2EA2A2BF8174F008F12DA /* ContentView */,
				05F2EA272BF81703008F12DA /* Sidebar */,
				05F2EA282BF8170F008F12DA /* Home */,
				05F2EA292BF8172D008F12DA /* Categories */,
				05F2EA382BF9C787008F12DA /* CategoriesDetail */,
				05F2EA392BF9C7B3008F12DA /* Meal */,
			);
			path = Views;
			sourceTree = "<group>";
		};
		05F2EA272BF81703008F12DA /* Sidebar */ = {
			isa = PBXGroup;
			children = (
				05F2EA202BF72630008F12DA /* Sidebar.swift */,
			);
			path = Sidebar;
			sourceTree = "<group>";
		};
		05F2EA282BF8170F008F12DA /* Home */ = {
			isa = PBXGroup;
			children = (
				05F2EA242BF73B73008F12DA /* Home.swift */,
				05F2EA2F2BF82328008F12DA /* HomeViewModel.swift */,
			);
			path = Home;
			sourceTree = "<group>";
		};
		05F2EA292BF8172D008F12DA /* Categories */ = {
			isa = PBXGroup;
			children = (
				05F2EA222BF72D7A008F12DA /* Categories.swift */,
				05F2EA3E2BF9D49C008F12DA /* CategoriesViewModel.swift */,
			);
			path = Categories;
			sourceTree = "<group>";
		};
		05F2EA2A2BF8174F008F12DA /* ContentView */ = {
			isa = PBXGroup;
			children = (
				05F2E9F12BF723E8008F12DA /* ChallengeEonApp.swift */,
				05F2E9F32BF723E8008F12DA /* ContentView.swift */,
			);
			path = ContentView;
			sourceTree = "<group>";
		};
		05F2EA2B2BF8212D008F12DA /* Services */ = {
			isa = PBXGroup;
			children = (
				05F2EA2C2BF82136008F12DA /* Models */,
				05F2EA332BF94D87008F12DA /* NetworkService.swift */,
			);
			path = Services;
			sourceTree = "<group>";
		};
		05F2EA2C2BF82136008F12DA /* Models */ = {
			isa = PBXGroup;
			children = (
				05F2EA2D2BF82148008F12DA /* HomeModel.swift */,
				05F2EA3C2BF9CBE6008F12DA /* CategoriesModel.swift */,
				05F2EA422BF9E7AF008F12DA /* CategoriesDetailModel.swift */,
				05F2EA482BFB26AF008F12DA /* MealsModel.swift */,
			);
			path = Models;
			sourceTree = "<group>";
		};
		05F2EA352BF97707008F12DA /* Utilities */ = {
			isa = PBXGroup;
			children = (
				05F2EA362BF97718008F12DA /* Constants.swift */,
			);
			path = Utilities;
			sourceTree = "<group>";
		};
		05F2EA382BF9C787008F12DA /* CategoriesDetail */ = {
			isa = PBXGroup;
			children = (
				05F2EA3A2BF9C8A9008F12DA /* CategoriesDetail.swift */,
				05F2EA402BF9DB42008F12DA /* CategoriesDetailViewModel.swift */,
			);
			path = CategoriesDetail;
			sourceTree = "<group>";
		};
		05F2EA392BF9C7B3008F12DA /* Meal */ = {
			isa = PBXGroup;
			children = (
				05F2EA442BF9E935008F12DA /* Meal.swift */,
				05F2EA462BFB2496008F12DA /* MealViewModel.swift */,
			);
			path = Meal;
			sourceTree = "<group>";
		};
/* End PBXGroup section */

/* Begin PBXNativeTarget section */
		05F2E9ED2BF723E8008F12DA /* ChallengeEon */ = {
			isa = PBXNativeTarget;
			buildConfigurationList = 05F2EA172BF723EA008F12DA /* Build configuration list for PBXNativeTarget "ChallengeEon" */;
			buildPhases = (
				05F2E9EA2BF723E8008F12DA /* Sources */,
				05F2E9EB2BF723E8008F12DA /* Frameworks */,
				05F2E9EC2BF723E8008F12DA /* Resources */,
			);
			buildRules = (
			);
			dependencies = (
			);
			name = ChallengeEon;
			productName = ChallengeEon;
			productReference = 05F2E9EE2BF723E8008F12DA /* ChallengeEon.app */;
			productType = "com.apple.product-type.application";
		};
		05F2EA022BF723EA008F12DA /* ChallengeEonTests */ = {
			isa = PBXNativeTarget;
			buildConfigurationList = 05F2EA1A2BF723EA008F12DA /* Build configuration list for PBXNativeTarget "ChallengeEonTests" */;
			buildPhases = (
				05F2E9FF2BF723EA008F12DA /* Sources */,
				05F2EA002BF723EA008F12DA /* Frameworks */,
				05F2EA012BF723EA008F12DA /* Resources */,
			);
			buildRules = (
			);
			dependencies = (
				05F2EA052BF723EA008F12DA /* PBXTargetDependency */,
			);
			name = ChallengeEonTests;
			productName = ChallengeEonTests;
			productReference = 05F2EA032BF723EA008F12DA /* ChallengeEonTests.xctest */;
			productType = "com.apple.product-type.bundle.unit-test";
		};
		05F2EA0C2BF723EA008F12DA /* ChallengeEonUITests */ = {
			isa = PBXNativeTarget;
			buildConfigurationList = 05F2EA1D2BF723EA008F12DA /* Build configuration list for PBXNativeTarget "ChallengeEonUITests" */;
			buildPhases = (
				05F2EA092BF723EA008F12DA /* Sources */,
				05F2EA0A2BF723EA008F12DA /* Frameworks */,
				05F2EA0B2BF723EA008F12DA /* Resources */,
			);
			buildRules = (
			);
			dependencies = (
				05F2EA0F2BF723EA008F12DA /* PBXTargetDependency */,
			);
			name = ChallengeEonUITests;
			productName = ChallengeEonUITests;
			productReference = 05F2EA0D2BF723EA008F12DA /* ChallengeEonUITests.xctest */;
			productType = "com.apple.product-type.bundle.ui-testing";
		};
/* End PBXNativeTarget section */

/* Begin PBXProject section */
		05F2E9E62BF723E8008F12DA /* Project object */ = {
			isa = PBXProject;
			attributes = {
				BuildIndependentTargetsInParallel = 1;
				LastSwiftUpdateCheck = 1420;
				LastUpgradeCheck = 1420;
				TargetAttributes = {
					05F2E9ED2BF723E8008F12DA = {
						CreatedOnToolsVersion = 14.2;
					};
					05F2EA022BF723EA008F12DA = {
						CreatedOnToolsVersion = 14.2;
						TestTargetID = 05F2E9ED2BF723E8008F12DA;
					};
					05F2EA0C2BF723EA008F12DA = {
						CreatedOnToolsVersion = 14.2;
						TestTargetID = 05F2E9ED2BF723E8008F12DA;
					};
				};
			};
			buildConfigurationList = 05F2E9E92BF723E8008F12DA /* Build configuration list for PBXProject "ChallengeEon" */;
			compatibilityVersion = "Xcode 14.0";
			developmentRegion = en;
			hasScannedForEncodings = 0;
			knownRegions = (
				en,
				Base,
			);
			mainGroup = 05F2E9E52BF723E8008F12DA;
			productRefGroup = 05F2E9EF2BF723E8008F12DA /* Products */;
			projectDirPath = "";
			projectRoot = "";
			targets = (
				05F2E9ED2BF723E8008F12DA /* ChallengeEon */,
				05F2EA022BF723EA008F12DA /* ChallengeEonTests */,
				05F2EA0C2BF723EA008F12DA /* ChallengeEonUITests */,
			);
		};
/* End PBXProject section */

/* Begin PBXResourcesBuildPhase section */
		05F2E9EC2BF723E8008F12DA /* Resources */ = {
			isa = PBXResourcesBuildPhase;
			buildActionMask = 2147483647;
			files = (
				05F2E9F92BF723EA008F12DA /* Preview Assets.xcassets in Resources */,
				05F2E9F62BF723EA008F12DA /* Assets.xcassets in Resources */,
			);
			runOnlyForDeploymentPostprocessing = 0;
		};
		05F2EA012BF723EA008F12DA /* Resources */ = {
			isa = PBXResourcesBuildPhase;
			buildActionMask = 2147483647;
			files = (
			);
			runOnlyForDeploymentPostprocessing = 0;
		};
		05F2EA0B2BF723EA008F12DA /* Resources */ = {
			isa = PBXResourcesBuildPhase;
			buildActionMask = 2147483647;
			files = (
			);
			runOnlyForDeploymentPostprocessing = 0;
		};
/* End PBXResourcesBuildPhase section */

/* Begin PBXSourcesBuildPhase section */
		05F2E9EA2BF723E8008F12DA /* Sources */ = {
			isa = PBXSourcesBuildPhase;
			buildActionMask = 2147483647;
			files = (
				05F2EA432BF9E7AF008F12DA /* CategoriesDetailModel.swift in Sources */,
				05F2EA342BF94D87008F12DA /* NetworkService.swift in Sources */,
				05F2EA212BF72630008F12DA /* Sidebar.swift in Sources */,
				05F2EA452BF9E935008F12DA /* Meal.swift in Sources */,
				05F2EA3B2BF9C8A9008F12DA /* CategoriesDetail.swift in Sources */,
				05F2EA472BFB2496008F12DA /* MealViewModel.swift in Sources */,
				05F2EA302BF82328008F12DA /* HomeViewModel.swift in Sources */,
				05F2E9FB2BF723EA008F12DA /* Persistence.swift in Sources */,
				05F2EA3D2BF9CBE6008F12DA /* CategoriesModel.swift in Sources */,
				05F2EA3F2BF9D49C008F12DA /* CategoriesViewModel.swift in Sources */,
				05F2E9F42BF723E8008F12DA /* ContentView.swift in Sources */,
				05F2EA412BF9DB42008F12DA /* CategoriesDetailViewModel.swift in Sources */,
				05F2E9FE2BF723EA008F12DA /* ChallengeEon.xcdatamodeld in Sources */,
				05F2EA492BFB26AF008F12DA /* MealsModel.swift in Sources */,
				05F2EA2E2BF82148008F12DA /* HomeModel.swift in Sources */,
				05F2E9F22BF723E8008F12DA /* ChallengeEonApp.swift in Sources */,
				05F2EA232BF72D7A008F12DA /* Categories.swift in Sources */,
				05F2EA252BF73B73008F12DA /* Home.swift in Sources */,
				05F2EA372BF97718008F12DA /* Constants.swift in Sources */,
			);
			runOnlyForDeploymentPostprocessing = 0;
		};
		05F2E9FF2BF723EA008F12DA /* Sources */ = {
			isa = PBXSourcesBuildPhase;
			buildActionMask = 2147483647;
			files = (
				05F2EA082BF723EA008F12DA /* ChallengeEonTests.swift in Sources */,
			);
			runOnlyForDeploymentPostprocessing = 0;
		};
		05F2EA092BF723EA008F12DA /* Sources */ = {
			isa = PBXSourcesBuildPhase;
			buildActionMask = 2147483647;
			files = (
				05F2EA122BF723EA008F12DA /* ChallengeEonUITests.swift in Sources */,
				05F2EA142BF723EA008F12DA /* ChallengeEonUITestsLaunchTests.swift in Sources */,
			);
			runOnlyForDeploymentPostprocessing = 0;
		};
/* End PBXSourcesBuildPhase section */

/* Begin PBXTargetDependency section */
		05F2EA052BF723EA008F12DA /* PBXTargetDependency */ = {
			isa = PBXTargetDependency;
			target = 05F2E9ED2BF723E8008F12DA /* ChallengeEon */;
			targetProxy = 05F2EA042BF723EA008F12DA /* PBXContainerItemProxy */;
		};
		05F2EA0F2BF723EA008F12DA /* PBXTargetDependency */ = {
			isa = PBXTargetDependency;
			target = 05F2E9ED2BF723E8008F12DA /* ChallengeEon */;
			targetProxy = 05F2EA0E2BF723EA008F12DA /* PBXContainerItemProxy */;
		};
/* End PBXTargetDependency section */

/* Begin XCBuildConfiguration section */
		05F2EA152BF723EA008F12DA /* Debug */ = {
			isa = XCBuildConfiguration;
			buildSettings = {
				ALWAYS_SEARCH_USER_PATHS = NO;
				CLANG_ANALYZER_NONNULL = YES;
				CLANG_ANALYZER_NUMBER_OBJECT_CONVERSION = YES_AGGRESSIVE;
				CLANG_CXX_LANGUAGE_STANDARD = "gnu++20";
				CLANG_ENABLE_MODULES = YES;
				CLANG_ENABLE_OBJC_ARC = YES;
				CLANG_ENABLE_OBJC_WEAK = YES;
				CLANG_WARN_BLOCK_CAPTURE_AUTORELEASING = YES;
				CLANG_WARN_BOOL_CONVERSION = YES;
				CLANG_WARN_COMMA = YES;
				CLANG_WARN_CONSTANT_CONVERSION = YES;
				CLANG_WARN_DEPRECATED_OBJC_IMPLEMENTATIONS = YES;
				CLANG_WARN_DIRECT_OBJC_ISA_USAGE = YES_ERROR;
				CLANG_WARN_DOCUMENTATION_COMMENTS = YES;
				CLANG_WARN_EMPTY_BODY = YES;
				CLANG_WARN_ENUM_CONVERSION = YES;
				CLANG_WARN_INFINITE_RECURSION = YES;
				CLANG_WARN_INT_CONVERSION = YES;
				CLANG_WARN_NON_LITERAL_NULL_CONVERSION = YES;
				CLANG_WARN_OBJC_IMPLICIT_RETAIN_SELF = YES;
				CLANG_WARN_OBJC_LITERAL_CONVERSION = YES;
				CLANG_WARN_OBJC_ROOT_CLASS = YES_ERROR;
				CLANG_WARN_QUOTED_INCLUDE_IN_FRAMEWORK_HEADER = YES;
				CLANG_WARN_RANGE_LOOP_ANALYSIS = YES;
				CLANG_WARN_STRICT_PROTOTYPES = YES;
				CLANG_WARN_SUSPICIOUS_MOVE = YES;
				CLANG_WARN_UNGUARDED_AVAILABILITY = YES_AGGRESSIVE;
				CLANG_WARN_UNREACHABLE_CODE = YES;
				CLANG_WARN__DUPLICATE_METHOD_MATCH = YES;
				COPY_PHASE_STRIP = NO;
				DEBUG_INFORMATION_FORMAT = dwarf;
				ENABLE_STRICT_OBJC_MSGSEND = YES;
				ENABLE_TESTABILITY = YES;
				GCC_C_LANGUAGE_STANDARD = gnu11;
				GCC_DYNAMIC_NO_PIC = NO;
				GCC_NO_COMMON_BLOCKS = YES;
				GCC_OPTIMIZATION_LEVEL = 0;
				GCC_PREPROCESSOR_DEFINITIONS = (
					"DEBUG=1",
					"$(inherited)",
				);
				GCC_WARN_64_TO_32_BIT_CONVERSION = YES;
				GCC_WARN_ABOUT_RETURN_TYPE = YES_ERROR;
				GCC_WARN_UNDECLARED_SELECTOR = YES;
				GCC_WARN_UNINITIALIZED_AUTOS = YES_AGGRESSIVE;
				GCC_WARN_UNUSED_FUNCTION = YES;
				GCC_WARN_UNUSED_VARIABLE = YES;
				IPHONEOS_DEPLOYMENT_TARGET = 16.2;
				MTL_ENABLE_DEBUG_INFO = INCLUDE_SOURCE;
				MTL_FAST_MATH = YES;
				ONLY_ACTIVE_ARCH = YES;
				SDKROOT = iphoneos;
				SWIFT_ACTIVE_COMPILATION_CONDITIONS = DEBUG;
				SWIFT_OPTIMIZATION_LEVEL = "-Onone";
			};
			name = Debug;
		};
		05F2EA162BF723EA008F12DA /* Release */ = {
			isa = XCBuildConfiguration;
			buildSettings = {
				ALWAYS_SEARCH_USER_PATHS = NO;
				CLANG_ANALYZER_NONNULL = YES;
				CLANG_ANALYZER_NUMBER_OBJECT_CONVERSION = YES_AGGRESSIVE;
				CLANG_CXX_LANGUAGE_STANDARD = "gnu++20";
				CLANG_ENABLE_MODULES = YES;
				CLANG_ENABLE_OBJC_ARC = YES;
				CLANG_ENABLE_OBJC_WEAK = YES;
				CLANG_WARN_BLOCK_CAPTURE_AUTORELEASING = YES;
				CLANG_WARN_BOOL_CONVERSION = YES;
				CLANG_WARN_COMMA = YES;
				CLANG_WARN_CONSTANT_CONVERSION = YES;
				CLANG_WARN_DEPRECATED_OBJC_IMPLEMENTATIONS = YES;
				CLANG_WARN_DIRECT_OBJC_ISA_USAGE = YES_ERROR;
				CLANG_WARN_DOCUMENTATION_COMMENTS = YES;
				CLANG_WARN_EMPTY_BODY = YES;
				CLANG_WARN_ENUM_CONVERSION = YES;
				CLANG_WARN_INFINITE_RECURSION = YES;
				CLANG_WARN_INT_CONVERSION = YES;
				CLANG_WARN_NON_LITERAL_NULL_CONVERSION = YES;
				CLANG_WARN_OBJC_IMPLICIT_RETAIN_SELF = YES;
				CLANG_WARN_OBJC_LITERAL_CONVERSION = YES;
				CLANG_WARN_OBJC_ROOT_CLASS = YES_ERROR;
				CLANG_WARN_QUOTED_INCLUDE_IN_FRAMEWORK_HEADER = YES;
				CLANG_WARN_RANGE_LOOP_ANALYSIS = YES;
				CLANG_WARN_STRICT_PROTOTYPES = YES;
				CLANG_WARN_SUSPICIOUS_MOVE = YES;
				CLANG_WARN_UNGUARDED_AVAILABILITY = YES_AGGRESSIVE;
				CLANG_WARN_UNREACHABLE_CODE = YES;
				CLANG_WARN__DUPLICATE_METHOD_MATCH = YES;
				COPY_PHASE_STRIP = NO;
				DEBUG_INFORMATION_FORMAT = "dwarf-with-dsym";
				ENABLE_NS_ASSERTIONS = NO;
				ENABLE_STRICT_OBJC_MSGSEND = YES;
				GCC_C_LANGUAGE_STANDARD = gnu11;
				GCC_NO_COMMON_BLOCKS = YES;
				GCC_WARN_64_TO_32_BIT_CONVERSION = YES;
				GCC_WARN_ABOUT_RETURN_TYPE = YES_ERROR;
				GCC_WARN_UNDECLARED_SELECTOR = YES;
				GCC_WARN_UNINITIALIZED_AUTOS = YES_AGGRESSIVE;
				GCC_WARN_UNUSED_FUNCTION = YES;
				GCC_WARN_UNUSED_VARIABLE = YES;
				IPHONEOS_DEPLOYMENT_TARGET = 16.2;
				MTL_ENABLE_DEBUG_INFO = NO;
				MTL_FAST_MATH = YES;
				SDKROOT = iphoneos;
				SWIFT_COMPILATION_MODE = wholemodule;
				SWIFT_OPTIMIZATION_LEVEL = "-O";
				VALIDATE_PRODUCT = YES;
			};
			name = Release;
		};
		05F2EA182BF723EA008F12DA /* Debug */ = {
			isa = XCBuildConfiguration;
			buildSettings = {
				ASSETCATALOG_COMPILER_APPICON_NAME = AppIcon;
				ASSETCATALOG_COMPILER_GLOBAL_ACCENT_COLOR_NAME = AccentColor;
				CODE_SIGN_STYLE = Automatic;
				CURRENT_PROJECT_VERSION = 1;
				DEVELOPMENT_ASSET_PATHS = "\"ChallengeEon/Preview Content\"";
				DEVELOPMENT_TEAM = N4V5HZ9F4Q;
				ENABLE_PREVIEWS = YES;
				GENERATE_INFOPLIST_FILE = YES;
				INFOPLIST_KEY_UIApplicationSceneManifest_Generation = YES;
				INFOPLIST_KEY_UIApplicationSupportsIndirectInputEvents = YES;
				INFOPLIST_KEY_UILaunchScreen_Generation = YES;
				INFOPLIST_KEY_UISupportedInterfaceOrientations_iPad = "UIInterfaceOrientationPortrait UIInterfaceOrientationPortraitUpsideDown UIInterfaceOrientationLandscapeLeft UIInterfaceOrientationLandscapeRight";
				INFOPLIST_KEY_UISupportedInterfaceOrientations_iPhone = "UIInterfaceOrientationPortrait UIInterfaceOrientationLandscapeLeft UIInterfaceOrientationLandscapeRight";
				LD_RUNPATH_SEARCH_PATHS = (
					"$(inherited)",
					"@executable_path/Frameworks",
				);
				MARKETING_VERSION = 1.0;
				PRODUCT_BUNDLE_IDENTIFIER = mx.com.eon.ChallengeEon;
				PRODUCT_NAME = "$(TARGET_NAME)";
				SWIFT_EMIT_LOC_STRINGS = YES;
				SWIFT_VERSION = 5.0;
				TARGETED_DEVICE_FAMILY = "1,2";
			};
			name = Debug;
		};
		05F2EA192BF723EA008F12DA /* Release */ = {
			isa = XCBuildConfiguration;
			buildSettings = {
				ASSETCATALOG_COMPILER_APPICON_NAME = AppIcon;
				ASSETCATALOG_COMPILER_GLOBAL_ACCENT_COLOR_NAME = AccentColor;
				CODE_SIGN_STYLE = Automatic;
				CURRENT_PROJECT_VERSION = 1;
				DEVELOPMENT_ASSET_PATHS = "\"ChallengeEon/Preview Content\"";
				DEVELOPMENT_TEAM = N4V5HZ9F4Q;
				ENABLE_PREVIEWS = YES;
				GENERATE_INFOPLIST_FILE = YES;
				INFOPLIST_KEY_UIApplicationSceneManifest_Generation = YES;
				INFOPLIST_KEY_UIApplicationSupportsIndirectInputEvents = YES;
				INFOPLIST_KEY_UILaunchScreen_Generation = YES;
				INFOPLIST_KEY_UISupportedInterfaceOrientations_iPad = "UIInterfaceOrientationPortrait UIInterfaceOrientationPortraitUpsideDown UIInterfaceOrientationLandscapeLeft UIInterfaceOrientationLandscapeRight";
				INFOPLIST_KEY_UISupportedInterfaceOrientations_iPhone = "UIInterfaceOrientationPortrait UIInterfaceOrientationLandscapeLeft UIInterfaceOrientationLandscapeRight";
				LD_RUNPATH_SEARCH_PATHS = (
					"$(inherited)",
					"@executable_path/Frameworks",
				);
				MARKETING_VERSION = 1.0;
				PRODUCT_BUNDLE_IDENTIFIER = mx.com.eon.ChallengeEon;
				PRODUCT_NAME = "$(TARGET_NAME)";
				SWIFT_EMIT_LOC_STRINGS = YES;
				SWIFT_VERSION = 5.0;
				TARGETED_DEVICE_FAMILY = "1,2";
			};
			name = Release;
		};
		05F2EA1B2BF723EA008F12DA /* Debug */ = {
			isa = XCBuildConfiguration;
			buildSettings = {
				ALWAYS_EMBED_SWIFT_STANDARD_LIBRARIES = YES;
				BUNDLE_LOADER = "$(TEST_HOST)";
				CODE_SIGN_STYLE = Automatic;
				CURRENT_PROJECT_VERSION = 1;
				DEVELOPMENT_TEAM = N4V5HZ9F4Q;
				GENERATE_INFOPLIST_FILE = YES;
				IPHONEOS_DEPLOYMENT_TARGET = 16.2;
				MARKETING_VERSION = 1.0;
				PRODUCT_BUNDLE_IDENTIFIER = mx.com.eon.ChallengeEonTests;
				PRODUCT_NAME = "$(TARGET_NAME)";
				SWIFT_EMIT_LOC_STRINGS = NO;
				SWIFT_VERSION = 5.0;
				TARGETED_DEVICE_FAMILY = "1,2";
				TEST_HOST = "$(BUILT_PRODUCTS_DIR)/ChallengeEon.app/$(BUNDLE_EXECUTABLE_FOLDER_PATH)/ChallengeEon";
			};
			name = Debug;
		};
		05F2EA1C2BF723EA008F12DA /* Release */ = {
			isa = XCBuildConfiguration;
			buildSettings = {
				ALWAYS_EMBED_SWIFT_STANDARD_LIBRARIES = YES;
				BUNDLE_LOADER = "$(TEST_HOST)";
				CODE_SIGN_STYLE = Automatic;
				CURRENT_PROJECT_VERSION = 1;
				DEVELOPMENT_TEAM = N4V5HZ9F4Q;
				GENERATE_INFOPLIST_FILE = YES;
				IPHONEOS_DEPLOYMENT_TARGET = 16.2;
				MARKETING_VERSION = 1.0;
				PRODUCT_BUNDLE_IDENTIFIER = mx.com.eon.ChallengeEonTests;
				PRODUCT_NAME = "$(TARGET_NAME)";
				SWIFT_EMIT_LOC_STRINGS = NO;
				SWIFT_VERSION = 5.0;
				TARGETED_DEVICE_FAMILY = "1,2";
				TEST_HOST = "$(BUILT_PRODUCTS_DIR)/ChallengeEon.app/$(BUNDLE_EXECUTABLE_FOLDER_PATH)/ChallengeEon";
			};
			name = Release;
		};
		05F2EA1E2BF723EA008F12DA /* Debug */ = {
			isa = XCBuildConfiguration;
			buildSettings = {
				ALWAYS_EMBED_SWIFT_STANDARD_LIBRARIES = YES;
				CODE_SIGN_STYLE = Automatic;
				CURRENT_PROJECT_VERSION = 1;
				DEVELOPMENT_TEAM = N4V5HZ9F4Q;
				GENERATE_INFOPLIST_FILE = YES;
				MARKETING_VERSION = 1.0;
				PRODUCT_BUNDLE_IDENTIFIER = mx.com.eon.ChallengeEonUITests;
				PRODUCT_NAME = "$(TARGET_NAME)";
				SWIFT_EMIT_LOC_STRINGS = NO;
				SWIFT_VERSION = 5.0;
				TARGETED_DEVICE_FAMILY = "1,2";
				TEST_TARGET_NAME = ChallengeEon;
			};
			name = Debug;
		};
		05F2EA1F2BF723EA008F12DA /* Release */ = {
			isa = XCBuildConfiguration;
			buildSettings = {
				ALWAYS_EMBED_SWIFT_STANDARD_LIBRARIES = YES;
				CODE_SIGN_STYLE = Automatic;
				CURRENT_PROJECT_VERSION = 1;
				DEVELOPMENT_TEAM = N4V5HZ9F4Q;
				GENERATE_INFOPLIST_FILE = YES;
				MARKETING_VERSION = 1.0;
				PRODUCT_BUNDLE_IDENTIFIER = mx.com.eon.ChallengeEonUITests;
				PRODUCT_NAME = "$(TARGET_NAME)";
				SWIFT_EMIT_LOC_STRINGS = NO;
				SWIFT_VERSION = 5.0;
				TARGETED_DEVICE_FAMILY = "1,2";
				TEST_TARGET_NAME = ChallengeEon;
			};
			name = Release;
		};
/* End XCBuildConfiguration section */

/* Begin XCConfigurationList section */
		05F2E9E92BF723E8008F12DA /* Build configuration list for PBXProject "ChallengeEon" */ = {
			isa = XCConfigurationList;
			buildConfigurations = (
				05F2EA152BF723EA008F12DA /* Debug */,
				05F2EA162BF723EA008F12DA /* Release */,
			);
			defaultConfigurationIsVisible = 0;
			defaultConfigurationName = Release;
		};
		05F2EA172BF723EA008F12DA /* Build configuration list for PBXNativeTarget "ChallengeEon" */ = {
			isa = XCConfigurationList;
			buildConfigurations = (
				05F2EA182BF723EA008F12DA /* Debug */,
				05F2EA192BF723EA008F12DA /* Release */,
			);
			defaultConfigurationIsVisible = 0;
			defaultConfigurationName = Release;
		};
		05F2EA1A2BF723EA008F12DA /* Build configuration list for PBXNativeTarget "ChallengeEonTests" */ = {
			isa = XCConfigurationList;
			buildConfigurations = (
				05F2EA1B2BF723EA008F12DA /* Debug */,
				05F2EA1C2BF723EA008F12DA /* Release */,
			);
			defaultConfigurationIsVisible = 0;
			defaultConfigurationName = Release;
		};
		05F2EA1D2BF723EA008F12DA /* Build configuration list for PBXNativeTarget "ChallengeEonUITests" */ = {
			isa = XCConfigurationList;
			buildConfigurations = (
				05F2EA1E2BF723EA008F12DA /* Debug */,
				05F2EA1F2BF723EA008F12DA /* Release */,
			);
			defaultConfigurationIsVisible = 0;
			defaultConfigurationName = Release;
		};
/* End XCConfigurationList section */

/* Begin XCVersionGroup section */
		05F2E9FC2BF723EA008F12DA /* ChallengeEon.xcdatamodeld */ = {
			isa = XCVersionGroup;
			children = (
				05F2E9FD2BF723EA008F12DA /* ChallengeEon.xcdatamodel */,
			);
			currentVersion = 05F2E9FD2BF723EA008F12DA /* ChallengeEon.xcdatamodel */;
			path = ChallengeEon.xcdatamodeld;
			sourceTree = "<group>";
			versionGroupType = wrapper.xcdatamodel;
		};
/* End XCVersionGroup section */
	};
	rootObject = 05F2E9E62BF723E8008F12DA /* Project object */;
}
